{
    "version": 3,
    "terraform_version": "0.11.11",
    "serial": 10,
    "lineage": "62c308aa-0c09-548b-44ea-693c787641f6",
    "modules": [
        {
            "path": [
                "root"
            ],
            "outputs": {},
            "resources": {
                "aws_route53_record.qa-az": {
                    "type": "aws_route53_record",
                    "depends_on": [
                        "data.aws_route53_zone.primary"
                    ],
                    "primary": {
                        "id": "Z2NS173NUI0XQI_qa-az.pamdas.org._A",
                        "attributes": {
                            "allow_overwrite": "true",
                            "fqdn": "qa-az.pamdas.org",
                            "health_check_id": "",
                            "id": "Z2NS173NUI0XQI_qa-az.pamdas.org._A",
                            "name": "qa-az.pamdas.org",
                            "records.#": "1",
                            "records.3098836689": "13.82.107.180",
                            "set_identifier": "",
                            "ttl": "300",
                            "type": "A",
                            "zone_id": "Z2NS173NUI0XQI"
                        },
                        "meta": {
                            "schema_version": "2"
                        },
                        "tainted": false
                    },
                    "deposed": [],
                    "provider": "provider.aws"
                },
                "azurerm_postgresql_database.bangweulu": {
                    "type": "azurerm_postgresql_database",
                    "depends_on": [
                        "azurerm_postgresql_server.er-west-eur",
                        "azurerm_resource_group.er-west-eur"
                    ],
                    "primary": {
                        "id": "/subscriptions/c4f7019a-487c-4211-a8ae-377fa0a0a0aa/resourceGroups/er-west-europe/providers/Microsoft.DBforPostgreSQL/servers/das-postgres-west-europe/databases/bangweulu",
                        "attributes": {
                            "charset": "UTF8",
                            "collation": "English_United States.1252",
                            "id": "/subscriptions/c4f7019a-487c-4211-a8ae-377fa0a0a0aa/resourceGroups/er-west-europe/providers/Microsoft.DBforPostgreSQL/servers/das-postgres-west-europe/databases/bangweulu",
                            "name": "bangweulu",
                            "resource_group_name": "er-west-europe",
                            "server_name": "das-postgres-west-europe"
                        },
                        "meta": {},
                        "tainted": false
                    },
                    "deposed": [],
                    "provider": "provider.azurerm"
                },
                "azurerm_postgresql_database.dev": {
                    "type": "azurerm_postgresql_database",
                    "depends_on": [
                        "azurerm_postgresql_server.dev",
                        "azurerm_resource_group.dev"
                    ],
                    "primary": {
                        "id": "/subscriptions/c4f7019a-487c-4211-a8ae-377fa0a0a0aa/resourceGroups/DAS-Dev/providers/Microsoft.DBforPostgreSQL/servers/das-postgres-us-tf/databases/dev",
                        "attributes": {
                            "charset": "UTF8",
                            "collation": "English_United States.1252",
                            "id": "/subscriptions/c4f7019a-487c-4211-a8ae-377fa0a0a0aa/resourceGroups/DAS-Dev/providers/Microsoft.DBforPostgreSQL/servers/das-postgres-us-tf/databases/dev",
                            "name": "dev",
                            "resource_group_name": "DAS-Dev",
                            "server_name": "das-postgres-us-tf"
                        },
                        "meta": {},
                        "tainted": false
                    },
                    "deposed": [],
                    "provider": "provider.azurerm"
                },
                "azurerm_postgresql_database.qa": {
                    "type": "azurerm_postgresql_database",
                    "depends_on": [
                        "azurerm_postgresql_server.dev",
                        "azurerm_resource_group.dev"
                    ],
                    "primary": {
                        "id": "/subscriptions/c4f7019a-487c-4211-a8ae-377fa0a0a0aa/resourceGroups/DAS-Dev/providers/Microsoft.DBforPostgreSQL/servers/das-postgres-us-tf/databases/qa",
                        "attributes": {
                            "charset": "UTF8",
                            "collation": "English_United States.1252",
                            "id": "/subscriptions/c4f7019a-487c-4211-a8ae-377fa0a0a0aa/resourceGroups/DAS-Dev/providers/Microsoft.DBforPostgreSQL/servers/das-postgres-us-tf/databases/qa",
                            "name": "qa",
                            "resource_group_name": "DAS-Dev",
                            "server_name": "das-postgres-us-tf"
                        },
                        "meta": {},
                        "tainted": false
                    },
                    "deposed": [],
                    "provider": "provider.azurerm"
                },
                "azurerm_postgresql_database.stge": {
                    "type": "azurerm_postgresql_database",
                    "depends_on": [
                        "azurerm_postgresql_server.dev",
                        "azurerm_resource_group.dev"
                    ],
                    "primary": {
                        "id": "/subscriptions/c4f7019a-487c-4211-a8ae-377fa0a0a0aa/resourceGroups/DAS-Dev/providers/Microsoft.DBforPostgreSQL/servers/das-postgres-us-tf/databases/stage",
                        "attributes": {
                            "charset": "UTF8",
                            "collation": "English_United States.1252",
                            "id": "/subscriptions/c4f7019a-487c-4211-a8ae-377fa0a0a0aa/resourceGroups/DAS-Dev/providers/Microsoft.DBforPostgreSQL/servers/das-postgres-us-tf/databases/stage",
                            "name": "stage",
                            "resource_group_name": "DAS-Dev",
                            "server_name": "das-postgres-us-tf"
                        },
                        "meta": {},
                        "tainted": false
                    },
                    "deposed": [],
                    "provider": "provider.azurerm"
                },
                "azurerm_postgresql_firewall_rule.all_azure": {
                    "type": "azurerm_postgresql_firewall_rule",
                    "depends_on": [
                        "azurerm_postgresql_server.dev",
                        "azurerm_resource_group.dev"
                    ],
                    "primary": {
                        "id": "/subscriptions/c4f7019a-487c-4211-a8ae-377fa0a0a0aa/resourceGroups/DAS-Dev/providers/Microsoft.DBforPostgreSQL/servers/das-postgres-us-tf/firewallRules/All_Azure",
                        "attributes": {
                            "end_ip_address": "0.0.0.0",
                            "id": "/subscriptions/c4f7019a-487c-4211-a8ae-377fa0a0a0aa/resourceGroups/DAS-Dev/providers/Microsoft.DBforPostgreSQL/servers/das-postgres-us-tf/firewallRules/All_Azure",
                            "name": "All_Azure",
                            "resource_group_name": "DAS-Dev",
                            "server_name": "das-postgres-us-tf",
                            "start_ip_address": "0.0.0.0"
                        },
                        "meta": {},
                        "tainted": false
                    },
                    "deposed": [],
                    "provider": "provider.azurerm"
                },
                "azurerm_postgresql_firewall_rule.all_azure_w_eur": {
                    "type": "azurerm_postgresql_firewall_rule",
                    "depends_on": [
                        "azurerm_postgresql_server.er-west-eur",
                        "azurerm_resource_group.er-west-eur"
                    ],
                    "primary": {
                        "id": "/subscriptions/c4f7019a-487c-4211-a8ae-377fa0a0a0aa/resourceGroups/er-west-europe/providers/Microsoft.DBforPostgreSQL/servers/das-postgres-west-europe/firewallRules/All_Azure",
                        "attributes": {
                            "end_ip_address": "0.0.0.0",
                            "id": "/subscriptions/c4f7019a-487c-4211-a8ae-377fa0a0a0aa/resourceGroups/er-west-europe/providers/Microsoft.DBforPostgreSQL/servers/das-postgres-west-europe/firewallRules/All_Azure",
                            "name": "All_Azure",
                            "resource_group_name": "er-west-europe",
                            "server_name": "das-postgres-west-europe",
                            "start_ip_address": "0.0.0.0"
                        },
                        "meta": {},
                        "tainted": false
                    },
                    "deposed": [],
                    "provider": "provider.azurerm"
                },
                "azurerm_postgresql_firewall_rule.corp_egress": {
                    "type": "azurerm_postgresql_firewall_rule",
                    "depends_on": [
                        "azurerm_postgresql_server.dev",
                        "azurerm_resource_group.dev"
                    ],
                    "primary": {
                        "id": "/subscriptions/c4f7019a-487c-4211-a8ae-377fa0a0a0aa/resourceGroups/DAS-Dev/providers/Microsoft.DBforPostgreSQL/servers/das-postgres-us-tf/firewallRules/Vulcan_Egress",
                        "attributes": {
                            "end_ip_address": "216.220.194.254",
                            "id": "/subscriptions/c4f7019a-487c-4211-a8ae-377fa0a0a0aa/resourceGroups/DAS-Dev/providers/Microsoft.DBforPostgreSQL/servers/das-postgres-us-tf/firewallRules/Vulcan_Egress",
                            "name": "Vulcan_Egress",
                            "resource_group_name": "DAS-Dev",
                            "server_name": "das-postgres-us-tf",
                            "start_ip_address": "216.220.194.1"
                        },
                        "meta": {},
                        "tainted": false
                    },
                    "deposed": [],
                    "provider": "provider.azurerm"
                },
                "azurerm_postgresql_firewall_rule.corp_egress_w_eur": {
                    "type": "azurerm_postgresql_firewall_rule",
                    "depends_on": [
                        "azurerm_postgresql_server.er-west-eur",
                        "azurerm_resource_group.er-west-eur"
                    ],
                    "primary": {
                        "id": "/subscriptions/c4f7019a-487c-4211-a8ae-377fa0a0a0aa/resourceGroups/er-west-europe/providers/Microsoft.DBforPostgreSQL/servers/das-postgres-west-europe/firewallRules/Vulcan_Egress",
                        "attributes": {
                            "end_ip_address": "216.220.194.254",
                            "id": "/subscriptions/c4f7019a-487c-4211-a8ae-377fa0a0a0aa/resourceGroups/er-west-europe/providers/Microsoft.DBforPostgreSQL/servers/das-postgres-west-europe/firewallRules/Vulcan_Egress",
                            "name": "Vulcan_Egress",
                            "resource_group_name": "er-west-europe",
                            "server_name": "das-postgres-west-europe",
                            "start_ip_address": "216.220.194.1"
                        },
                        "meta": {},
                        "tainted": false
                    },
                    "deposed": [],
                    "provider": "provider.azurerm"
                },
                "azurerm_postgresql_server.dev": {
                    "type": "azurerm_postgresql_server",
                    "depends_on": [
                        "azurerm_resource_group.dev"
                    ],
                    "primary": {
                        "id": "/subscriptions/c4f7019a-487c-4211-a8ae-377fa0a0a0aa/resourceGroups/DAS-Dev/providers/Microsoft.DBforPostgreSQL/servers/das-postgres-us-tf",
                        "attributes": {
                            "administrator_login": "postgres",
                            "administrator_login_password": "H@Sh1CoR3!",
                            "fqdn": "das-postgres-us-tf.postgres.database.azure.com",
                            "id": "/subscriptions/c4f7019a-487c-4211-a8ae-377fa0a0a0aa/resourceGroups/DAS-Dev/providers/Microsoft.DBforPostgreSQL/servers/das-postgres-us-tf",
                            "location": "westus",
                            "name": "das-postgres-us-tf",
                            "resource_group_name": "DAS-Dev",
                            "sku.#": "1",
                            "sku.0.capacity": "2",
                            "sku.0.family": "Gen5",
                            "sku.0.name": "GP_Gen5_2",
                            "sku.0.tier": "GeneralPurpose",
                            "ssl_enforcement": "Enabled",
                            "storage_profile.#": "1",
                            "storage_profile.0.backup_retention_days": "7",
                            "storage_profile.0.geo_redundant_backup": "Disabled",
                            "storage_profile.0.storage_mb": "5120",
                            "tags.%": "0",
                            "version": "9.6"
                        },
                        "meta": {},
                        "tainted": false
                    },
                    "deposed": [],
                    "provider": "provider.azurerm"
                },
                "azurerm_postgresql_server.er-west-eur": {
                    "type": "azurerm_postgresql_server",
                    "depends_on": [
                        "azurerm_resource_group.er-west-eur"
                    ],
                    "primary": {
                        "id": "/subscriptions/c4f7019a-487c-4211-a8ae-377fa0a0a0aa/resourceGroups/er-west-europe/providers/Microsoft.DBforPostgreSQL/servers/das-postgres-west-europe",
                        "attributes": {
                            "administrator_login": "postgres",
                            "administrator_login_password": "nt9Oggx7ztOd7fK9lx3vFLRT",
                            "fqdn": "das-postgres-west-europe.postgres.database.azure.com",
                            "id": "/subscriptions/c4f7019a-487c-4211-a8ae-377fa0a0a0aa/resourceGroups/er-west-europe/providers/Microsoft.DBforPostgreSQL/servers/das-postgres-west-europe",
                            "location": "westeurope",
                            "name": "das-postgres-west-europe",
                            "resource_group_name": "er-west-europe",
                            "sku.#": "1",
                            "sku.0.capacity": "4",
                            "sku.0.family": "Gen5",
                            "sku.0.name": "GP_Gen5_4",
                            "sku.0.tier": "GeneralPurpose",
                            "ssl_enforcement": "Enabled",
                            "storage_profile.#": "1",
                            "storage_profile.0.backup_retention_days": "7",
                            "storage_profile.0.geo_redundant_backup": "Disabled",
                            "storage_profile.0.storage_mb": "10240",
                            "tags.%": "0",
                            "version": "9.6"
                        },
                        "meta": {},
                        "tainted": false
                    },
                    "deposed": [],
                    "provider": "provider.azurerm"
                },
                "azurerm_resource_group.dev": {
                    "type": "azurerm_resource_group",
                    "depends_on": [],
                    "primary": {
                        "id": "/subscriptions/c4f7019a-487c-4211-a8ae-377fa0a0a0aa/resourceGroups/DAS-Dev",
                        "attributes": {
                            "id": "/subscriptions/c4f7019a-487c-4211-a8ae-377fa0a0a0aa/resourceGroups/DAS-Dev",
                            "location": "westus",
                            "name": "DAS-Dev",
                            "tags.%": "0"
                        },
                        "meta": {},
                        "tainted": false
                    },
                    "deposed": [],
                    "provider": "provider.azurerm"
                },
                "azurerm_resource_group.er-west-eur": {
                    "type": "azurerm_resource_group",
                    "depends_on": [],
                    "primary": {
                        "id": "/subscriptions/c4f7019a-487c-4211-a8ae-377fa0a0a0aa/resourceGroups/er-west-europe",
                        "attributes": {
                            "id": "/subscriptions/c4f7019a-487c-4211-a8ae-377fa0a0a0aa/resourceGroups/er-west-europe",
                            "location": "westeurope",
                            "name": "er-west-europe",
                            "tags.%": "0"
                        },
                        "meta": {},
                        "tainted": false
                    },
                    "deposed": [],
                    "provider": "provider.azurerm"
                },
                "azurerm_storage_account.bangweulu": {
                    "type": "azurerm_storage_account",
                    "depends_on": [
                        "azurerm_resource_group.er-west-eur"
                    ],
                    "primary": {
                        "id": "/subscriptions/c4f7019a-487c-4211-a8ae-377fa0a0a0aa/resourceGroups/er-west-europe/providers/Microsoft.Storage/storageAccounts/bangweulustorage",
                        "attributes": {
                            "access_tier": "",
                            "account_encryption_source": "Microsoft.Storage",
                            "account_kind": "Storage",
                            "account_replication_type": "LRS",
                            "account_tier": "Standard",
                            "account_type": "Standard_LRS",
                            "enable_blob_encryption": "true",
                            "enable_file_encryption": "true",
                            "enable_https_traffic_only": "false",
                            "id": "/subscriptions/c4f7019a-487c-4211-a8ae-377fa0a0a0aa/resourceGroups/er-west-europe/providers/Microsoft.Storage/storageAccounts/bangweulustorage",
                            "identity.#": "0",
                            "location": "westeurope",
                            "name": "bangweulustorage",
                            "network_rules.#": "0",
                            "primary_access_key": "CBhs0rQ1WXKfHKKYWUcRqk3NE8zMp3uCDYsZczsGVdivKzlH+i6RGLpBubaPIspC7m0F8aF9WrBcjw5pTj64Hg==",
                            "primary_blob_connection_string": "DefaultEndpointsProtocol=https;BlobEndpoint=https://bangweulustorage.blob.core.windows.net/;AccountName=bangweulustorage;AccountKey=CBhs0rQ1WXKfHKKYWUcRqk3NE8zMp3uCDYsZczsGVdivKzlH+i6RGLpBubaPIspC7m0F8aF9WrBcjw5pTj64Hg==",
                            "primary_blob_endpoint": "https://bangweulustorage.blob.core.windows.net/",
                            "primary_connection_string": "DefaultEndpointsProtocol=https;AccountName=bangweulustorage;AccountKey=CBhs0rQ1WXKfHKKYWUcRqk3NE8zMp3uCDYsZczsGVdivKzlH+i6RGLpBubaPIspC7m0F8aF9WrBcjw5pTj64Hg==;EndpointSuffix=core.windows.net",
                            "primary_file_endpoint": "https://bangweulustorage.file.core.windows.net/",
                            "primary_location": "westeurope",
                            "primary_queue_endpoint": "https://bangweulustorage.queue.core.windows.net/",
                            "primary_table_endpoint": "https://bangweulustorage.table.core.windows.net/",
                            "resource_group_name": "er-west-europe",
                            "secondary_access_key": "I1Kz9wRPGNbInbSKdtSJUwZC9jvAhLVjVjp5ugC8aoGignsKVxqKs18Jg2BBE0ufZ+yI2o+vnlXurqtVx8Ifeg==",
                            "secondary_connection_string": "DefaultEndpointsProtocol=https;AccountName=bangweulustorage;AccountKey=I1Kz9wRPGNbInbSKdtSJUwZC9jvAhLVjVjp5ugC8aoGignsKVxqKs18Jg2BBE0ufZ+yI2o+vnlXurqtVx8Ifeg==;EndpointSuffix=core.windows.net",
                            "secondary_location": "",
                            "tags.%": "0"
                        },
                        "meta": {
                            "schema_version": "2"
                        },
                        "tainted": false
                    },
                    "deposed": [],
                    "provider": "provider.azurerm"
                },
                "azurerm_storage_account.dev": {
                    "type": "azurerm_storage_account",
                    "depends_on": [
                        "azurerm_resource_group.dev"
                    ],
                    "primary": {
                        "id": "/subscriptions/c4f7019a-487c-4211-a8ae-377fa0a0a0aa/resourceGroups/DAS-Dev/providers/Microsoft.Storage/storageAccounts/dasdevstorage",
                        "attributes": {
                            "access_tier": "",
                            "account_encryption_source": "Microsoft.Storage",
                            "account_kind": "Storage",
                            "account_replication_type": "LRS",
                            "account_tier": "Standard",
                            "account_type": "Standard_LRS",
                            "enable_blob_encryption": "true",
                            "enable_file_encryption": "true",
                            "enable_https_traffic_only": "false",
                            "id": "/subscriptions/c4f7019a-487c-4211-a8ae-377fa0a0a0aa/resourceGroups/DAS-Dev/providers/Microsoft.Storage/storageAccounts/dasdevstorage",
                            "identity.#": "0",
                            "location": "westus",
                            "name": "dasdevstorage",
                            "network_rules.#": "0",
                            "primary_access_key": "EXilJqp5h75C7j38RjZoJE6f4vkE8fjDzHOyzSX/kDP+e+eCQqhrukuJYRMhDhk6xZQjrohPMob3tBErswYFlg==",
                            "primary_blob_connection_string": "DefaultEndpointsProtocol=https;BlobEndpoint=https://dasdevstorage.blob.core.windows.net/;AccountName=dasdevstorage;AccountKey=EXilJqp5h75C7j38RjZoJE6f4vkE8fjDzHOyzSX/kDP+e+eCQqhrukuJYRMhDhk6xZQjrohPMob3tBErswYFlg==",
                            "primary_blob_endpoint": "https://dasdevstorage.blob.core.windows.net/",
                            "primary_connection_string": "DefaultEndpointsProtocol=https;AccountName=dasdevstorage;AccountKey=EXilJqp5h75C7j38RjZoJE6f4vkE8fjDzHOyzSX/kDP+e+eCQqhrukuJYRMhDhk6xZQjrohPMob3tBErswYFlg==;EndpointSuffix=core.windows.net",
                            "primary_file_endpoint": "https://dasdevstorage.file.core.windows.net/",
                            "primary_location": "westus",
                            "primary_queue_endpoint": "https://dasdevstorage.queue.core.windows.net/",
                            "primary_table_endpoint": "https://dasdevstorage.table.core.windows.net/",
                            "resource_group_name": "DAS-Dev",
                            "secondary_access_key": "8s4xC7xK1piODf8rfLcGahzvb8seoJyuu6PIL3lwOoB+WdLj9ygG8B4BnWoDOdN6PhbI5s24jDrBmptYG30QjQ==",
                            "secondary_connection_string": "DefaultEndpointsProtocol=https;AccountName=dasdevstorage;AccountKey=8s4xC7xK1piODf8rfLcGahzvb8seoJyuu6PIL3lwOoB+WdLj9ygG8B4BnWoDOdN6PhbI5s24jDrBmptYG30QjQ==;EndpointSuffix=core.windows.net",
                            "secondary_location": "",
                            "tags.%": "0"
                        },
                        "meta": {
                            "schema_version": "2"
                        },
                        "tainted": false
                    },
                    "deposed": [],
                    "provider": "provider.azurerm"
                },
                "azurerm_storage_container.bangweulu-assets": {
                    "type": "azurerm_storage_container",
                    "depends_on": [
                        "azurerm_resource_group.er-west-eur",
                        "azurerm_storage_account.bangweulu"
                    ],
                    "primary": {
                        "id": "https://bangweulustorage.blob.core.windows.net/bangweulu-assets",
                        "attributes": {
                            "container_access_type": "private",
                            "id": "https://bangweulustorage.blob.core.windows.net/bangweulu-assets",
                            "name": "bangweulu-assets",
                            "properties.%": "4",
                            "properties.last_modified": "Fri, 25 Jan 2019 15:05:21 GMT",
                            "properties.lease_duration": "",
                            "properties.lease_state": "available",
                            "properties.lease_status": "unlocked",
                            "resource_group_name": "er-west-europe",
                            "storage_account_name": "bangweulustorage"
                        },
                        "meta": {
                            "schema_version": "1"
                        },
                        "tainted": false
                    },
                    "deposed": [],
                    "provider": "provider.azurerm"
                },
                "azurerm_storage_container.dev": {
                    "type": "azurerm_storage_container",
                    "depends_on": [
                        "azurerm_resource_group.dev",
                        "azurerm_storage_account.dev"
                    ],
                    "primary": {
                        "id": "https://dasdevstorage.blob.core.windows.net/dev-us",
                        "attributes": {
                            "container_access_type": "private",
                            "id": "https://dasdevstorage.blob.core.windows.net/dev-us",
                            "name": "dev-us",
                            "properties.%": "4",
                            "properties.last_modified": "Thu, 17 Jan 2019 00:28:25 GMT",
                            "properties.lease_duration": "",
                            "properties.lease_state": "available",
                            "properties.lease_status": "unlocked",
                            "resource_group_name": "DAS-Dev",
                            "storage_account_name": "dasdevstorage"
                        },
                        "meta": {
                            "schema_version": "1"
                        },
                        "tainted": false
                    },
                    "deposed": [],
                    "provider": "provider.azurerm"
                },
                "azurerm_storage_container.qa": {
                    "type": "azurerm_storage_container",
                    "depends_on": [
                        "azurerm_resource_group.dev",
                        "azurerm_storage_account.dev"
                    ],
                    "primary": {
                        "id": "https://dasdevstorage.blob.core.windows.net/qa-us",
                        "attributes": {
                            "container_access_type": "private",
                            "id": "https://dasdevstorage.blob.core.windows.net/qa-us",
                            "name": "qa-us",
                            "properties.%": "4",
                            "properties.last_modified": "Thu, 17 Jan 2019 00:28:25 GMT",
                            "properties.lease_duration": "",
                            "properties.lease_state": "available",
                            "properties.lease_status": "unlocked",
                            "resource_group_name": "DAS-Dev",
                            "storage_account_name": "dasdevstorage"
                        },
                        "meta": {
                            "schema_version": "1"
                        },
                        "tainted": false
                    },
                    "deposed": [],
                    "provider": "provider.azurerm"
                },
                "azurerm_storage_container.stage": {
                    "type": "azurerm_storage_container",
                    "depends_on": [
                        "azurerm_resource_group.dev",
                        "azurerm_storage_account.dev"
                    ],
                    "primary": {
                        "id": "https://dasdevstorage.blob.core.windows.net/stage-us",
                        "attributes": {
                            "container_access_type": "private",
                            "id": "https://dasdevstorage.blob.core.windows.net/stage-us",
                            "name": "stage-us",
                            "properties.%": "4",
                            "properties.last_modified": "Thu, 17 Jan 2019 00:28:25 GMT",
                            "properties.lease_duration": "",
                            "properties.lease_state": "available",
                            "properties.lease_status": "unlocked",
                            "resource_group_name": "DAS-Dev",
                            "storage_account_name": "dasdevstorage"
                        },
                        "meta": {
                            "schema_version": "1"
                        },
                        "tainted": false
                    },
                    "deposed": [],
                    "provider": "provider.azurerm"
                },
                "data.aws_route53_zone.primary": {
                    "type": "aws_route53_zone",
                    "depends_on": [],
                    "primary": {
                        "id": "Z2NS173NUI0XQI",
                        "attributes": {
                            "caller_reference": "68B9630F-08F0-3DD4-A5DD-701BB5C51627",
                            "comment": "",
                            "id": "Z2NS173NUI0XQI",
                            "name": "pamdas.org.",
                            "name_servers.#": "4",
                            "name_servers.0": "ns-711.awsdns-24.net",
                            "name_servers.1": "ns-1427.awsdns-50.org",
                            "name_servers.2": "ns-34.awsdns-04.com",
                            "name_servers.3": "ns-1908.awsdns-46.co.uk",
                            "private_zone": "false",
                            "resource_record_set_count": "74",
                            "zone_id": "Z2NS173NUI0XQI"
                        },
                        "meta": {},
                        "tainted": false
                    },
                    "deposed": [],
                    "provider": "provider.aws"
                }
            },
            "depends_on": []
        }
    ]
}
