{
    "version": 3,
    "terraform_version": "0.11.11",
    "serial": 6,
    "lineage": "62c308aa-0c09-548b-44ea-693c787641f6",
    "modules": [
        {
            "path": [
                "root"
            ],
            "outputs": {},
            "resources": {
                "azurerm_postgresql_database.dev": {
                    "type": "azurerm_postgresql_database",
                    "depends_on": [
                        "azurerm_postgresql_server.dev",
                        "azurerm_resource_group.dev"
                    ],
                    "primary": {
                        "id": "/subscriptions/c4f7019a-487c-4211-a8ae-377fa0a0a0aa/resourceGroups/DAS-Dev/providers/Microsoft.DBforPostgreSQL/servers/das-postgres-us-tf/databases/dev",
                        "attributes": {
                            "charset": "UTF8",
                            "collation": "English_United States.1252",
                            "id": "/subscriptions/c4f7019a-487c-4211-a8ae-377fa0a0a0aa/resourceGroups/DAS-Dev/providers/Microsoft.DBforPostgreSQL/servers/das-postgres-us-tf/databases/dev",
                            "name": "dev",
                            "resource_group_name": "DAS-Dev",
                            "server_name": "das-postgres-us-tf"
                        },
                        "meta": {},
                        "tainted": false
                    },
                    "deposed": [],
                    "provider": "provider.azurerm"
                },
                "azurerm_postgresql_database.qa": {
                    "type": "azurerm_postgresql_database",
                    "depends_on": [
                        "azurerm_postgresql_server.dev",
                        "azurerm_resource_group.dev"
                    ],
                    "primary": {
                        "id": "/subscriptions/c4f7019a-487c-4211-a8ae-377fa0a0a0aa/resourceGroups/DAS-Dev/providers/Microsoft.DBforPostgreSQL/servers/das-postgres-us-tf/databases/qa",
                        "attributes": {
                            "charset": "UTF8",
                            "collation": "English_United States.1252",
                            "id": "/subscriptions/c4f7019a-487c-4211-a8ae-377fa0a0a0aa/resourceGroups/DAS-Dev/providers/Microsoft.DBforPostgreSQL/servers/das-postgres-us-tf/databases/qa",
                            "name": "qa",
                            "resource_group_name": "DAS-Dev",
                            "server_name": "das-postgres-us-tf"
                        },
                        "meta": {},
                        "tainted": false
                    },
                    "deposed": [],
                    "provider": "provider.azurerm"
                },
                "azurerm_postgresql_database.stge": {
                    "type": "azurerm_postgresql_database",
                    "depends_on": [
                        "azurerm_postgresql_server.dev",
                        "azurerm_resource_group.dev"
                    ],
                    "primary": {
                        "id": "/subscriptions/c4f7019a-487c-4211-a8ae-377fa0a0a0aa/resourceGroups/DAS-Dev/providers/Microsoft.DBforPostgreSQL/servers/das-postgres-us-tf/databases/stage",
                        "attributes": {
                            "charset": "UTF8",
                            "collation": "English_United States.1252",
                            "id": "/subscriptions/c4f7019a-487c-4211-a8ae-377fa0a0a0aa/resourceGroups/DAS-Dev/providers/Microsoft.DBforPostgreSQL/servers/das-postgres-us-tf/databases/stage",
                            "name": "stage",
                            "resource_group_name": "DAS-Dev",
                            "server_name": "das-postgres-us-tf"
                        },
                        "meta": {},
                        "tainted": false
                    },
                    "deposed": [],
                    "provider": "provider.azurerm"
                },
                "azurerm_postgresql_firewall_rule.all_azure": {
                    "type": "azurerm_postgresql_firewall_rule",
                    "depends_on": [
                        "azurerm_postgresql_server.dev",
                        "azurerm_resource_group.dev"
                    ],
                    "primary": {
                        "id": "/subscriptions/c4f7019a-487c-4211-a8ae-377fa0a0a0aa/resourceGroups/DAS-Dev/providers/Microsoft.DBforPostgreSQL/servers/das-postgres-us-tf/firewallRules/All_Azure",
                        "attributes": {
                            "end_ip_address": "0.0.0.0",
                            "id": "/subscriptions/c4f7019a-487c-4211-a8ae-377fa0a0a0aa/resourceGroups/DAS-Dev/providers/Microsoft.DBforPostgreSQL/servers/das-postgres-us-tf/firewallRules/All_Azure",
                            "name": "All_Azure",
                            "resource_group_name": "DAS-Dev",
                            "server_name": "das-postgres-us-tf",
                            "start_ip_address": "0.0.0.0"
                        },
                        "meta": {},
                        "tainted": false
                    },
                    "deposed": [],
                    "provider": "provider.azurerm"
                },
                "azurerm_postgresql_firewall_rule.corp_egress": {
                    "type": "azurerm_postgresql_firewall_rule",
                    "depends_on": [
                        "azurerm_postgresql_server.dev",
                        "azurerm_resource_group.dev"
                    ],
                    "primary": {
                        "id": "/subscriptions/c4f7019a-487c-4211-a8ae-377fa0a0a0aa/resourceGroups/DAS-Dev/providers/Microsoft.DBforPostgreSQL/servers/das-postgres-us-tf/firewallRules/Vulcan_Egress",
                        "attributes": {
                            "end_ip_address": "216.220.194.254",
                            "id": "/subscriptions/c4f7019a-487c-4211-a8ae-377fa0a0a0aa/resourceGroups/DAS-Dev/providers/Microsoft.DBforPostgreSQL/servers/das-postgres-us-tf/firewallRules/Vulcan_Egress",
                            "name": "Vulcan_Egress",
                            "resource_group_name": "DAS-Dev",
                            "server_name": "das-postgres-us-tf",
                            "start_ip_address": "216.220.194.1"
                        },
                        "meta": {},
                        "tainted": false
                    },
                    "deposed": [],
                    "provider": "provider.azurerm"
                },
                "azurerm_postgresql_server.dev": {
                    "type": "azurerm_postgresql_server",
                    "depends_on": [
                        "azurerm_resource_group.dev"
                    ],
                    "primary": {
                        "id": "/subscriptions/c4f7019a-487c-4211-a8ae-377fa0a0a0aa/resourceGroups/DAS-Dev/providers/Microsoft.DBforPostgreSQL/servers/das-postgres-us-tf",
                        "attributes": {
                            "administrator_login": "postgres",
                            "administrator_login_password": "H@Sh1CoR3!",
                            "fqdn": "das-postgres-us-tf.postgres.database.azure.com",
                            "id": "/subscriptions/c4f7019a-487c-4211-a8ae-377fa0a0a0aa/resourceGroups/DAS-Dev/providers/Microsoft.DBforPostgreSQL/servers/das-postgres-us-tf",
                            "location": "westus",
                            "name": "das-postgres-us-tf",
                            "resource_group_name": "DAS-Dev",
                            "sku.#": "1",
                            "sku.0.capacity": "2",
                            "sku.0.family": "Gen5",
                            "sku.0.name": "GP_Gen5_2",
                            "sku.0.tier": "GeneralPurpose",
                            "ssl_enforcement": "Enabled",
                            "storage_profile.#": "1",
                            "storage_profile.0.backup_retention_days": "7",
                            "storage_profile.0.geo_redundant_backup": "Disabled",
                            "storage_profile.0.storage_mb": "5120",
                            "tags.%": "0",
                            "version": "9.6"
                        },
                        "meta": {},
                        "tainted": false
                    },
                    "deposed": [],
                    "provider": "provider.azurerm"
                },
                "azurerm_resource_group.dev": {
                    "type": "azurerm_resource_group",
                    "depends_on": [],
                    "primary": {
                        "id": "/subscriptions/c4f7019a-487c-4211-a8ae-377fa0a0a0aa/resourceGroups/DAS-Dev",
                        "attributes": {
                            "id": "/subscriptions/c4f7019a-487c-4211-a8ae-377fa0a0a0aa/resourceGroups/DAS-Dev",
                            "location": "westus",
                            "name": "DAS-Dev",
                            "tags.%": "0"
                        },
                        "meta": {},
                        "tainted": false
                    },
                    "deposed": [],
                    "provider": "provider.azurerm"
                }
            },
            "depends_on": []
        }
    ]
}
