{
    "version": 3,
    "terraform_version": "0.11.11",
    "serial": 7,
    "lineage": "62c308aa-0c09-548b-44ea-693c787641f6",
    "modules": [
        {
            "path": [
                "root"
            ],
            "outputs": {},
            "resources": {
                "azurerm_postgresql_database.dev": {
                    "type": "azurerm_postgresql_database",
                    "depends_on": [
                        "azurerm_postgresql_server.dev",
                        "azurerm_resource_group.dev"
                    ],
                    "primary": {
                        "id": "/subscriptions/c4f7019a-487c-4211-a8ae-377fa0a0a0aa/resourceGroups/DAS-Dev/providers/Microsoft.DBforPostgreSQL/servers/das-postgres-us-tf/databases/dev",
                        "attributes": {
                            "charset": "UTF8",
                            "collation": "English_United States.1252",
                            "id": "/subscriptions/c4f7019a-487c-4211-a8ae-377fa0a0a0aa/resourceGroups/DAS-Dev/providers/Microsoft.DBforPostgreSQL/servers/das-postgres-us-tf/databases/dev",
                            "name": "dev",
                            "resource_group_name": "DAS-Dev",
                            "server_name": "das-postgres-us-tf"
                        },
                        "meta": {},
                        "tainted": false
                    },
                    "deposed": [],
                    "provider": "provider.azurerm"
                },
                "azurerm_postgresql_database.qa": {
                    "type": "azurerm_postgresql_database",
                    "depends_on": [
                        "azurerm_postgresql_server.dev",
                        "azurerm_resource_group.dev"
                    ],
                    "primary": {
                        "id": "/subscriptions/c4f7019a-487c-4211-a8ae-377fa0a0a0aa/resourceGroups/DAS-Dev/providers/Microsoft.DBforPostgreSQL/servers/das-postgres-us-tf/databases/qa",
                        "attributes": {
                            "charset": "UTF8",
                            "collation": "English_United States.1252",
                            "id": "/subscriptions/c4f7019a-487c-4211-a8ae-377fa0a0a0aa/resourceGroups/DAS-Dev/providers/Microsoft.DBforPostgreSQL/servers/das-postgres-us-tf/databases/qa",
                            "name": "qa",
                            "resource_group_name": "DAS-Dev",
                            "server_name": "das-postgres-us-tf"
                        },
                        "meta": {},
                        "tainted": false
                    },
                    "deposed": [],
                    "provider": "provider.azurerm"
                },
                "azurerm_postgresql_database.stge": {
                    "type": "azurerm_postgresql_database",
                    "depends_on": [
                        "azurerm_postgresql_server.dev",
                        "azurerm_resource_group.dev"
                    ],
                    "primary": {
                        "id": "/subscriptions/c4f7019a-487c-4211-a8ae-377fa0a0a0aa/resourceGroups/DAS-Dev/providers/Microsoft.DBforPostgreSQL/servers/das-postgres-us-tf/databases/stage",
                        "attributes": {
                            "charset": "UTF8",
                            "collation": "English_United States.1252",
                            "id": "/subscriptions/c4f7019a-487c-4211-a8ae-377fa0a0a0aa/resourceGroups/DAS-Dev/providers/Microsoft.DBforPostgreSQL/servers/das-postgres-us-tf/databases/stage",
                            "name": "stage",
                            "resource_group_name": "DAS-Dev",
                            "server_name": "das-postgres-us-tf"
                        },
                        "meta": {},
                        "tainted": false
                    },
                    "deposed": [],
                    "provider": "provider.azurerm"
                },
                "azurerm_postgresql_firewall_rule.all_azure": {
                    "type": "azurerm_postgresql_firewall_rule",
                    "depends_on": [
                        "azurerm_postgresql_server.dev",
                        "azurerm_resource_group.dev"
                    ],
                    "primary": {
                        "id": "/subscriptions/c4f7019a-487c-4211-a8ae-377fa0a0a0aa/resourceGroups/DAS-Dev/providers/Microsoft.DBforPostgreSQL/servers/das-postgres-us-tf/firewallRules/All_Azure",
                        "attributes": {
                            "end_ip_address": "0.0.0.0",
                            "id": "/subscriptions/c4f7019a-487c-4211-a8ae-377fa0a0a0aa/resourceGroups/DAS-Dev/providers/Microsoft.DBforPostgreSQL/servers/das-postgres-us-tf/firewallRules/All_Azure",
                            "name": "All_Azure",
                            "resource_group_name": "DAS-Dev",
                            "server_name": "das-postgres-us-tf",
                            "start_ip_address": "0.0.0.0"
                        },
                        "meta": {},
                        "tainted": false
                    },
                    "deposed": [],
                    "provider": "provider.azurerm"
                },
                "azurerm_postgresql_firewall_rule.corp_egress": {
                    "type": "azurerm_postgresql_firewall_rule",
                    "depends_on": [
                        "azurerm_postgresql_server.dev",
                        "azurerm_resource_group.dev"
                    ],
                    "primary": {
                        "id": "/subscriptions/c4f7019a-487c-4211-a8ae-377fa0a0a0aa/resourceGroups/DAS-Dev/providers/Microsoft.DBforPostgreSQL/servers/das-postgres-us-tf/firewallRules/Vulcan_Egress",
                        "attributes": {
                            "end_ip_address": "216.220.194.254",
                            "id": "/subscriptions/c4f7019a-487c-4211-a8ae-377fa0a0a0aa/resourceGroups/DAS-Dev/providers/Microsoft.DBforPostgreSQL/servers/das-postgres-us-tf/firewallRules/Vulcan_Egress",
                            "name": "Vulcan_Egress",
                            "resource_group_name": "DAS-Dev",
                            "server_name": "das-postgres-us-tf",
                            "start_ip_address": "216.220.194.1"
                        },
                        "meta": {},
                        "tainted": false
                    },
                    "deposed": [],
                    "provider": "provider.azurerm"
                },
                "azurerm_postgresql_server.dev": {
                    "type": "azurerm_postgresql_server",
                    "depends_on": [
                        "azurerm_resource_group.dev"
                    ],
                    "primary": {
                        "id": "/subscriptions/c4f7019a-487c-4211-a8ae-377fa0a0a0aa/resourceGroups/DAS-Dev/providers/Microsoft.DBforPostgreSQL/servers/das-postgres-us-tf",
                        "attributes": {
                            "administrator_login": "postgres",
                            "administrator_login_password": "H@Sh1CoR3!",
                            "fqdn": "das-postgres-us-tf.postgres.database.azure.com",
                            "id": "/subscriptions/c4f7019a-487c-4211-a8ae-377fa0a0a0aa/resourceGroups/DAS-Dev/providers/Microsoft.DBforPostgreSQL/servers/das-postgres-us-tf",
                            "location": "westus",
                            "name": "das-postgres-us-tf",
                            "resource_group_name": "DAS-Dev",
                            "sku.#": "1",
                            "sku.0.capacity": "2",
                            "sku.0.family": "Gen5",
                            "sku.0.name": "GP_Gen5_2",
                            "sku.0.tier": "GeneralPurpose",
                            "ssl_enforcement": "Enabled",
                            "storage_profile.#": "1",
                            "storage_profile.0.backup_retention_days": "7",
                            "storage_profile.0.geo_redundant_backup": "Disabled",
                            "storage_profile.0.storage_mb": "5120",
                            "tags.%": "0",
                            "version": "9.6"
                        },
                        "meta": {},
                        "tainted": false
                    },
                    "deposed": [],
                    "provider": "provider.azurerm"
                },
                "azurerm_resource_group.dev": {
                    "type": "azurerm_resource_group",
                    "depends_on": [],
                    "primary": {
                        "id": "/subscriptions/c4f7019a-487c-4211-a8ae-377fa0a0a0aa/resourceGroups/DAS-Dev",
                        "attributes": {
                            "id": "/subscriptions/c4f7019a-487c-4211-a8ae-377fa0a0a0aa/resourceGroups/DAS-Dev",
                            "location": "westus",
                            "name": "DAS-Dev",
                            "tags.%": "0"
                        },
                        "meta": {},
                        "tainted": false
                    },
                    "deposed": [],
                    "provider": "provider.azurerm"
                },
                "azurerm_storage_account.dev": {
                    "type": "azurerm_storage_account",
                    "depends_on": [
                        "azurerm_resource_group.dev"
                    ],
                    "primary": {
                        "id": "/subscriptions/c4f7019a-487c-4211-a8ae-377fa0a0a0aa/resourceGroups/DAS-Dev/providers/Microsoft.Storage/storageAccounts/dasdevstorage",
                        "attributes": {
                            "access_tier": "",
                            "account_encryption_source": "Microsoft.Storage",
                            "account_kind": "Storage",
                            "account_replication_type": "LRS",
                            "account_tier": "Standard",
                            "account_type": "Standard_LRS",
                            "enable_blob_encryption": "true",
                            "enable_file_encryption": "true",
                            "enable_https_traffic_only": "false",
                            "id": "/subscriptions/c4f7019a-487c-4211-a8ae-377fa0a0a0aa/resourceGroups/DAS-Dev/providers/Microsoft.Storage/storageAccounts/dasdevstorage",
                            "identity.#": "0",
                            "location": "westus",
                            "name": "dasdevstorage",
                            "network_rules.#": "0",
                            "primary_access_key": "EXilJqp5h75C7j38RjZoJE6f4vkE8fjDzHOyzSX/kDP+e+eCQqhrukuJYRMhDhk6xZQjrohPMob3tBErswYFlg==",
                            "primary_blob_connection_string": "DefaultEndpointsProtocol=https;BlobEndpoint=https://dasdevstorage.blob.core.windows.net/;AccountName=dasdevstorage;AccountKey=EXilJqp5h75C7j38RjZoJE6f4vkE8fjDzHOyzSX/kDP+e+eCQqhrukuJYRMhDhk6xZQjrohPMob3tBErswYFlg==",
                            "primary_blob_endpoint": "https://dasdevstorage.blob.core.windows.net/",
                            "primary_connection_string": "DefaultEndpointsProtocol=https;AccountName=dasdevstorage;AccountKey=EXilJqp5h75C7j38RjZoJE6f4vkE8fjDzHOyzSX/kDP+e+eCQqhrukuJYRMhDhk6xZQjrohPMob3tBErswYFlg==;EndpointSuffix=core.windows.net",
                            "primary_file_endpoint": "https://dasdevstorage.file.core.windows.net/",
                            "primary_location": "westus",
                            "primary_queue_endpoint": "https://dasdevstorage.queue.core.windows.net/",
                            "primary_table_endpoint": "https://dasdevstorage.table.core.windows.net/",
                            "resource_group_name": "DAS-Dev",
                            "secondary_access_key": "8s4xC7xK1piODf8rfLcGahzvb8seoJyuu6PIL3lwOoB+WdLj9ygG8B4BnWoDOdN6PhbI5s24jDrBmptYG30QjQ==",
                            "secondary_connection_string": "DefaultEndpointsProtocol=https;AccountName=dasdevstorage;AccountKey=8s4xC7xK1piODf8rfLcGahzvb8seoJyuu6PIL3lwOoB+WdLj9ygG8B4BnWoDOdN6PhbI5s24jDrBmptYG30QjQ==;EndpointSuffix=core.windows.net",
                            "secondary_location": "",
                            "tags.%": "0"
                        },
                        "meta": {
                            "schema_version": "2"
                        },
                        "tainted": false
                    },
                    "deposed": [],
                    "provider": "provider.azurerm"
                },
                "azurerm_storage_container.dev": {
                    "type": "azurerm_storage_container",
                    "depends_on": [
                        "azurerm_resource_group.dev",
                        "azurerm_storage_account.dev"
                    ],
                    "primary": {
                        "id": "https://dasdevstorage.blob.core.windows.net/dev-us",
                        "attributes": {
                            "container_access_type": "private",
                            "id": "https://dasdevstorage.blob.core.windows.net/dev-us",
                            "name": "dev-us",
                            "properties.%": "4",
                            "properties.last_modified": "Thu, 17 Jan 2019 00:28:25 GMT",
                            "properties.lease_duration": "",
                            "properties.lease_state": "available",
                            "properties.lease_status": "unlocked",
                            "resource_group_name": "DAS-Dev",
                            "storage_account_name": "dasdevstorage"
                        },
                        "meta": {
                            "schema_version": "1"
                        },
                        "tainted": false
                    },
                    "deposed": [],
                    "provider": "provider.azurerm"
                },
                "azurerm_storage_container.qa": {
                    "type": "azurerm_storage_container",
                    "depends_on": [
                        "azurerm_resource_group.dev",
                        "azurerm_storage_account.dev"
                    ],
                    "primary": {
                        "id": "https://dasdevstorage.blob.core.windows.net/qa-us",
                        "attributes": {
                            "container_access_type": "private",
                            "id": "https://dasdevstorage.blob.core.windows.net/qa-us",
                            "name": "qa-us",
                            "properties.%": "4",
                            "properties.last_modified": "Thu, 17 Jan 2019 00:28:25 GMT",
                            "properties.lease_duration": "",
                            "properties.lease_state": "available",
                            "properties.lease_status": "unlocked",
                            "resource_group_name": "DAS-Dev",
                            "storage_account_name": "dasdevstorage"
                        },
                        "meta": {
                            "schema_version": "1"
                        },
                        "tainted": false
                    },
                    "deposed": [],
                    "provider": "provider.azurerm"
                },
                "azurerm_storage_container.stage": {
                    "type": "azurerm_storage_container",
                    "depends_on": [
                        "azurerm_resource_group.dev",
                        "azurerm_storage_account.dev"
                    ],
                    "primary": {
                        "id": "https://dasdevstorage.blob.core.windows.net/stage-us",
                        "attributes": {
                            "container_access_type": "private",
                            "id": "https://dasdevstorage.blob.core.windows.net/stage-us",
                            "name": "stage-us",
                            "properties.%": "4",
                            "properties.last_modified": "Thu, 17 Jan 2019 00:28:25 GMT",
                            "properties.lease_duration": "",
                            "properties.lease_state": "available",
                            "properties.lease_status": "unlocked",
                            "resource_group_name": "DAS-Dev",
                            "storage_account_name": "dasdevstorage"
                        },
                        "meta": {
                            "schema_version": "1"
                        },
                        "tainted": false
                    },
                    "deposed": [],
                    "provider": "provider.azurerm"
                }
            },
            "depends_on": []
        }
    ]
}
